// !$*UTF8*$!
{
	archiveVersion = 1;
	classes = {
	};
	objectVersion = 46;
	objects = {

/* Begin PBXBuildFile section */
		3E3AF33720EA24ED0099C75B /* StartApp.bundle in Resources */ = {isa = PBXBuildFile; fileRef = 3E3AF33520EA24ED0099C75B /* StartApp.bundle */; };
		3E3AF33820EA24ED0099C75B /* StartApp.framework in Frameworks */ = {isa = PBXBuildFile; fileRef = 3E3AF33620EA24ED0099C75B /* StartApp.framework */; };
		3E61670120889AB800108776 /* Main.storyboard in Resources */ = {isa = PBXBuildFile; fileRef = 3E61670020889AB800108776 /* Main.storyboard */; };
		3E8423D9205021FB00738082 /* WebKit.framework in Frameworks */ = {isa = PBXBuildFile; fileRef = 3E8423D8205021EF00738082 /* WebKit.framework */; };
		504CA5F81AA3330A00C0DD95 /* libz.dylib in Frameworks */ = {isa = PBXBuildFile; fileRef = 504CA5F71AA3330A00C0DD95 /* libz.dylib */; };
		506C10ED19407F840015E07A /* AppDelegate.swift in Sources */ = {isa = PBXBuildFile; fileRef = 506C10EC19407F840015E07A /* AppDelegate.swift */; };
		506C10EF19407F840015E07A /* ViewController.swift in Sources */ = {isa = PBXBuildFile; fileRef = 506C10EE19407F840015E07A /* ViewController.swift */; };
		506C10F419407F840015E07A /* Images.xcassets in Resources */ = {isa = PBXBuildFile; fileRef = 506C10F319407F840015E07A /* Images.xcassets */; };
		506C11141940A1EE0015E07A /* CoreTelephony.framework in Frameworks */ = {isa = PBXBuildFile; fileRef = 506C11131940A1EE0015E07A /* CoreTelephony.framework */; };
		506C11161940A1F90015E07A /* SystemConfiguration.framework in Frameworks */ = {isa = PBXBuildFile; fileRef = 506C11151940A1F90015E07A /* SystemConfiguration.framework */; };
		506C11181940A2000015E07A /* CoreGraphics.framework in Frameworks */ = {isa = PBXBuildFile; fileRef = 506C11171940A2000015E07A /* CoreGraphics.framework */; };
		506C111C1940A20D0015E07A /* AdSupport.framework in Frameworks */ = {isa = PBXBuildFile; fileRef = 506C111B1940A20D0015E07A /* AdSupport.framework */; };
		509C68071A52A7B3003ED178 /* NativeViewController.swift in Sources */ = {isa = PBXBuildFile; fileRef = 509C68061A52A7B3003ED178 /* NativeViewController.swift */; };
		509CD4EC1B41836B00DD6BA7 /* AVFoundation.framework in Frameworks */ = {isa = PBXBuildFile; fileRef = 509CD4EB1B41836B00DD6BA7 /* AVFoundation.framework */; };
		509CD4F11B41842400DD6BA7 /* CoreMedia.framework in Frameworks */ = {isa = PBXBuildFile; fileRef = 509CD4ED1B41837400DD6BA7 /* CoreMedia.framework */; };
		50FA88D41D7F06F10022BCFF /* StoreKit.framework in Frameworks */ = {isa = PBXBuildFile; fileRef = 50756CE11D7F039000663CED /* StoreKit.framework */; };
/* End PBXBuildFile section */

/* Begin PBXFileReference section */
		3E3AF33520EA24ED0099C75B /* StartApp.bundle */ = {isa = PBXFileReference; lastKnownFileType = "wrapper.plug-in"; path = StartApp.bundle; sourceTree = "<group>"; };
		3E3AF33620EA24ED0099C75B /* StartApp.framework */ = {isa = PBXFileReference; lastKnownFileType = wrapper.framework; path = StartApp.framework; sourceTree = "<group>"; };
		3E61670020889AB800108776 /* Main.storyboard */ = {isa = PBXFileReference; fileEncoding = 4; lastKnownFileType = file.storyboard; path = Main.storyboard; sourceTree = "<group>"; };
		3E8423D8205021EF00738082 /* WebKit.framework */ = {isa = PBXFileReference; lastKnownFileType = wrapper.framework; name = WebKit.framework; path = System/Library/Frameworks/WebKit.framework; sourceTree = SDKROOT; };
		504CA5F71AA3330A00C0DD95 /* libz.dylib */ = {isa = PBXFileReference; lastKnownFileType = "compiled.mach-o.dylib"; name = libz.dylib; path = usr/lib/libz.dylib; sourceTree = SDKROOT; };
		505DF16619449D0F00FE7E73 /* iosSwiftExampleApp-Bridging-Header.h */ = {isa = PBXFileReference; fileEncoding = 4; lastKnownFileType = sourcecode.c.h; path = "iosSwiftExampleApp-Bridging-Header.h"; sourceTree = "<group>"; };
		506C10E719407F840015E07A /* iosSwiftExampleApp.app */ = {isa = PBXFileReference; explicitFileType = wrapper.application; includeInIndex = 0; path = iosSwiftExampleApp.app; sourceTree = BUILT_PRODUCTS_DIR; };
		506C10EB19407F840015E07A /* Info.plist */ = {isa = PBXFileReference; lastKnownFileType = text.plist.xml; path = Info.plist; sourceTree = "<group>"; };
		506C10EC19407F840015E07A /* AppDelegate.swift */ = {isa = PBXFileReference; lastKnownFileType = sourcecode.swift; path = AppDelegate.swift; sourceTree = "<group>"; };
		506C10EE19407F840015E07A /* ViewController.swift */ = {isa = PBXFileReference; lastKnownFileType = sourcecode.swift; path = ViewController.swift; sourceTree = "<group>"; };
		506C10F319407F840015E07A /* Images.xcassets */ = {isa = PBXFileReference; lastKnownFileType = folder.assetcatalog; path = Images.xcassets; sourceTree = "<group>"; };
		506C11131940A1EE0015E07A /* CoreTelephony.framework */ = {isa = PBXFileReference; lastKnownFileType = wrapper.framework; name = CoreTelephony.framework; path = System/Library/Frameworks/CoreTelephony.framework; sourceTree = SDKROOT; };
		506C11151940A1F90015E07A /* SystemConfiguration.framework */ = {isa = PBXFileReference; lastKnownFileType = wrapper.framework; name = SystemConfiguration.framework; path = System/Library/Frameworks/SystemConfiguration.framework; sourceTree = SDKROOT; };
		506C11171940A2000015E07A /* CoreGraphics.framework */ = {isa = PBXFileReference; lastKnownFileType = wrapper.framework; name = CoreGraphics.framework; path = System/Library/Frameworks/CoreGraphics.framework; sourceTree = SDKROOT; };
		506C111B1940A20D0015E07A /* AdSupport.framework */ = {isa = PBXFileReference; lastKnownFileType = wrapper.framework; name = AdSupport.framework; path = System/Library/Frameworks/AdSupport.framework; sourceTree = SDKROOT; };
		50756CE11D7F039000663CED /* StoreKit.framework */ = {isa = PBXFileReference; lastKnownFileType = wrapper.framework; name = StoreKit.framework; path = System/Library/Frameworks/StoreKit.framework; sourceTree = SDKROOT; };
		509C68061A52A7B3003ED178 /* NativeViewController.swift */ = {isa = PBXFileReference; fileEncoding = 4; lastKnownFileType = sourcecode.swift; path = NativeViewController.swift; sourceTree = "<group>"; };
		509CD4EB1B41836B00DD6BA7 /* AVFoundation.framework */ = {isa = PBXFileReference; lastKnownFileType = wrapper.framework; name = AVFoundation.framework; path = System/Library/Frameworks/AVFoundation.framework; sourceTree = SDKROOT; };
		509CD4ED1B41837400DD6BA7 /* CoreMedia.framework */ = {isa = PBXFileReference; lastKnownFileType = wrapper.framework; name = CoreMedia.framework; path = System/Library/Frameworks/CoreMedia.framework; sourceTree = SDKROOT; };
		509CD4EF1B4183E400DD6BA7 /* MediaPlayer.framework */ = {isa = PBXFileReference; lastKnownFileType = wrapper.framework; name = MediaPlayer.framework; path = System/Library/Frameworks/MediaPlayer.framework; sourceTree = SDKROOT; };
/* End PBXFileReference section */

/* Begin PBXFrameworksBuildPhase section */
		506C10E419407F840015E07A /* Frameworks */ = {
			isa = PBXFrameworksBuildPhase;
			buildActionMask = 2147483647;
			files = (
				3E8423D9205021FB00738082 /* WebKit.framework in Frameworks */,
				50FA88D41D7F06F10022BCFF /* StoreKit.framework in Frameworks */,
				509CD4F11B41842400DD6BA7 /* CoreMedia.framework in Frameworks */,
				3E3AF33820EA24ED0099C75B /* StartApp.framework in Frameworks */,
				509CD4EC1B41836B00DD6BA7 /* AVFoundation.framework in Frameworks */,
				504CA5F81AA3330A00C0DD95 /* libz.dylib in Frameworks */,
				506C111C1940A20D0015E07A /* AdSupport.framework in Frameworks */,
				506C11181940A2000015E07A /* CoreGraphics.framework in Frameworks */,
				506C11161940A1F90015E07A /* SystemConfiguration.framework in Frameworks */,
				506C11141940A1EE0015E07A /* CoreTelephony.framework in Frameworks */,
			);
			runOnlyForDeploymentPostprocessing = 0;
		};
/* End PBXFrameworksBuildPhase section */

/* Begin PBXGroup section */
		505DF16A1944A43500FE7E73 /* StartApp SDK */ = {
			isa = PBXGroup;
			children = (
				3E3AF33520EA24ED0099C75B /* StartApp.bundle */,
				3E3AF33620EA24ED0099C75B /* StartApp.framework */,
			);
			name = "StartApp SDK";
			sourceTree = "<group>";
		};
		506C10DE19407F840015E07A = {
			isa = PBXGroup;
			children = (
				509CD4EF1B4183E400DD6BA7 /* MediaPlayer.framework */,
				509CD4ED1B41837400DD6BA7 /* CoreMedia.framework */,
				509CD4EB1B41836B00DD6BA7 /* AVFoundation.framework */,
				504CA5F71AA3330A00C0DD95 /* libz.dylib */,
				505DF16A1944A43500FE7E73 /* StartApp SDK */,
				506C111B1940A20D0015E07A /* AdSupport.framework */,
				506C11171940A2000015E07A /* CoreGraphics.framework */,
				506C11151940A1F90015E07A /* SystemConfiguration.framework */,
				506C11131940A1EE0015E07A /* CoreTelephony.framework */,
				506C10E919407F840015E07A /* iosSwiftExampleApp */,
				506C10E819407F840015E07A /* Products */,
				50756CE01D7F038F00663CED /* Frameworks */,
			);
			sourceTree = "<group>";
		};
		506C10E819407F840015E07A /* Products */ = {
			isa = PBXGroup;
			children = (
				506C10E719407F840015E07A /* iosSwiftExampleApp.app */,
			);
			name = Products;
			sourceTree = "<group>";
		};
		506C10E919407F840015E07A /* iosSwiftExampleApp */ = {
			isa = PBXGroup;
			children = (
				505DF16619449D0F00FE7E73 /* iosSwiftExampleApp-Bridging-Header.h */,
				506C10EC19407F840015E07A /* AppDelegate.swift */,
				509C68061A52A7B3003ED178 /* NativeViewController.swift */,
				506C10EE19407F840015E07A /* ViewController.swift */,
				506C10F319407F840015E07A /* Images.xcassets */,
				3E61670020889AB800108776 /* Main.storyboard */,
				506C10EA19407F840015E07A /* Supporting Files */,
			);
			path = iosSwiftExampleApp;
			sourceTree = "<group>";
		};
		506C10EA19407F840015E07A /* Supporting Files */ = {
			isa = PBXGroup;
			children = (
				506C10EB19407F840015E07A /* Info.plist */,
			);
			name = "Supporting Files";
			sourceTree = "<group>";
		};
		50756CE01D7F038F00663CED /* Frameworks */ = {
			isa = PBXGroup;
			children = (
				3E8423D8205021EF00738082 /* WebKit.framework */,
				50756CE11D7F039000663CED /* StoreKit.framework */,
			);
			name = Frameworks;
			sourceTree = "<group>";
		};
/* End PBXGroup section */

/* Begin PBXNativeTarget section */
		506C10E619407F840015E07A /* iosSwiftExampleApp */ = {
			isa = PBXNativeTarget;
			buildConfigurationList = 506C110319407F840015E07A /* Build configuration list for PBXNativeTarget "iosSwiftExampleApp" */;
			buildPhases = (
				506C10E319407F840015E07A /* Sources */,
				506C10E419407F840015E07A /* Frameworks */,
				506C10E519407F840015E07A /* Resources */,
			);
			buildRules = (
			);
			dependencies = (
			);
			name = iosSwiftExampleApp;
			productName = MyApp;
			productReference = 506C10E719407F840015E07A /* iosSwiftExampleApp.app */;
			productType = "com.apple.product-type.application";
		};
/* End PBXNativeTarget section */

/* Begin PBXProject section */
		506C10DF19407F840015E07A /* Project object */ = {
			isa = PBXProject;
			attributes = {
				LastSwiftMigration = 0730;
				LastSwiftUpdateCheck = 0730;
				LastUpgradeCheck = 0600;
				ORGANIZATIONNAME = StartApp;
				TargetAttributes = {
					506C10E619407F840015E07A = {
						CreatedOnToolsVersion = 6.0;
						LastSwiftMigration = 0800;
						SystemCapabilities = {
							com.apple.InAppPurchase = {
								enabled = 0;
							};
						};
					};
				};
			};
			buildConfigurationList = 506C10E219407F840015E07A /* Build configuration list for PBXProject "iosSwiftExampleApp" */;
			compatibilityVersion = "Xcode 3.2";
			developmentRegion = English;
			hasScannedForEncodings = 0;
			knownRegions = (
				en,
				Base,
			);
			mainGroup = 506C10DE19407F840015E07A;
			productRefGroup = 506C10E819407F840015E07A /* Products */;
			projectDirPath = "";
			projectRoot = "";
			targets = (
				506C10E619407F840015E07A /* iosSwiftExampleApp */,
			);
		};
/* End PBXProject section */

/* Begin PBXResourcesBuildPhase section */
		506C10E519407F840015E07A /* Resources */ = {
			isa = PBXResourcesBuildPhase;
			buildActionMask = 2147483647;
			files = (
				3E61670120889AB800108776 /* Main.storyboard in Resources */,
				506C10F419407F840015E07A /* Images.xcassets in Resources */,
				3E3AF33720EA24ED0099C75B /* StartApp.bundle in Resources */,
			);
			runOnlyForDeploymentPostprocessing = 0;
		};
/* End PBXResourcesBuildPhase section */

/* Begin PBXSourcesBuildPhase section */
		506C10E319407F840015E07A /* Sources */ = {
			isa = PBXSourcesBuildPhase;
			buildActionMask = 2147483647;
			files = (
				509C68071A52A7B3003ED178 /* NativeViewController.swift in Sources */,
				506C10EF19407F840015E07A /* ViewController.swift in Sources */,
				506C10ED19407F840015E07A /* AppDelegate.swift in Sources */,
			);
			runOnlyForDeploymentPostprocessing = 0;
		};
/* End PBXSourcesBuildPhase section */

/* Begin XCBuildConfiguration section */
		506C110119407F840015E07A /* Debug */ = {
			isa = XCBuildConfiguration;
			buildSettings = {
				ALWAYS_SEARCH_USER_PATHS = NO;
				CLANG_CXX_LANGUAGE_STANDARD = "gnu++0x";
				CLANG_CXX_LIBRARY = "libc++";
				CLANG_ENABLE_MODULES = YES;
				CLANG_ENABLE_OBJC_ARC = YES;
				CLANG_WARN_BOOL_CONVERSION = YES;
				CLANG_WARN_CONSTANT_CONVERSION = YES;
				CLANG_WARN_DIRECT_OBJC_ISA_USAGE = YES_ERROR;
				CLANG_WARN_EMPTY_BODY = YES;
				CLANG_WARN_ENUM_CONVERSION = YES;
				CLANG_WARN_INT_CONVERSION = YES;
				CLANG_WARN_OBJC_ROOT_CLASS = YES_ERROR;
				CLANG_WARN_UNREACHABLE_CODE = YES;
				CLANG_WARN__DUPLICATE_METHOD_MATCH = YES;
				"CODE_SIGN_IDENTITY[sdk=iphoneos*]" = "iPhone Developer";
				COPY_PHASE_STRIP = NO;
				ENABLE_STRICT_OBJC_MSGSEND = YES;
				GCC_C_LANGUAGE_STANDARD = gnu99;
				GCC_DYNAMIC_NO_PIC = NO;
				GCC_OPTIMIZATION_LEVEL = 0;
				GCC_PREPROCESSOR_DEFINITIONS = (
					"DEBUG=1",
					"$(inherited)",
				);
				GCC_SYMBOLS_PRIVATE_EXTERN = NO;
				GCC_WARN_64_TO_32_BIT_CONVERSION = YES;
				GCC_WARN_ABOUT_RETURN_TYPE = YES_ERROR;
				GCC_WARN_UNDECLARED_SELECTOR = YES;
				GCC_WARN_UNINITIALIZED_AUTOS = YES_AGGRESSIVE;
				GCC_WARN_UNUSED_FUNCTION = YES;
				GCC_WARN_UNUSED_VARIABLE = YES;
				IPHONEOS_DEPLOYMENT_TARGET = 7.0;
				METAL_ENABLE_DEBUG_INFO = YES;
				ONLY_ACTIVE_ARCH = YES;
				SDKROOT = iphoneos;
				SWIFT_OPTIMIZATION_LEVEL = "-Onone";
				TARGETED_DEVICE_FAMILY = "1,2";
			};
			name = Debug;
		};
		506C110219407F840015E07A /* Release */ = {
			isa = XCBuildConfiguration;
			buildSettings = {
				ALWAYS_SEARCH_USER_PATHS = NO;
				CLANG_CXX_LANGUAGE_STANDARD = "gnu++0x";
				CLANG_CXX_LIBRARY = "libc++";
				CLANG_ENABLE_MODULES = YES;
				CLANG_ENABLE_OBJC_ARC = YES;
				CLANG_WARN_BOOL_CONVERSION = YES;
				CLANG_WARN_CONSTANT_CONVERSION = YES;
				CLANG_WARN_DIRECT_OBJC_ISA_USAGE = YES_ERROR;
				CLANG_WARN_EMPTY_BODY = YES;
				CLANG_WARN_ENUM_CONVERSION = YES;
				CLANG_WARN_INT_CONVERSION = YES;
				CLANG_WARN_OBJC_ROOT_CLASS = YES_ERROR;
				CLANG_WARN_UNREACHABLE_CODE = YES;
				CLANG_WARN__DUPLICATE_METHOD_MATCH = YES;
				"CODE_SIGN_IDENTITY[sdk=iphoneos*]" = "iPhone Developer";
				COPY_PHASE_STRIP = YES;
				ENABLE_NS_ASSERTIONS = NO;
				ENABLE_STRICT_OBJC_MSGSEND = YES;
				GCC_C_LANGUAGE_STANDARD = gnu99;
				GCC_WARN_64_TO_32_BIT_CONVERSION = YES;
				GCC_WARN_ABOUT_RETURN_TYPE = YES_ERROR;
				GCC_WARN_UNDECLARED_SELECTOR = YES;
				GCC_WARN_UNINITIALIZED_AUTOS = YES_AGGRESSIVE;
				GCC_WARN_UNUSED_FUNCTION = YES;
				GCC_WARN_UNUSED_VARIABLE = YES;
				IPHONEOS_DEPLOYMENT_TARGET = 7.0;
				METAL_ENABLE_DEBUG_INFO = NO;
				SDKROOT = iphoneos;
				TARGETED_DEVICE_FAMILY = "1,2";
				VALIDATE_PRODUCT = YES;
			};
			name = Release;
		};
		506C110419407F840015E07A /* Debug */ = {
			isa = XCBuildConfiguration;
			buildSettings = {
				ASSETCATALOG_COMPILER_APPICON_NAME = AppIcon;
				ASSETCATALOG_COMPILER_LAUNCHIMAGE_NAME = LaunchImage;
				CLANG_ENABLE_MODULES = YES;
				FRAMEWORK_SEARCH_PATHS = (
					"$(inherited)",
					"$(PROJECT_DIR)",
				);
				INFOPLIST_FILE = iosSwiftExampleApp/Info.plist;
				IPHONEOS_DEPLOYMENT_TARGET = 7.0;
				LD_RUNPATH_SEARCH_PATHS = "$(inherited) @executable_path/Frameworks";
				LIBRARY_SEARCH_PATHS = "$(PROJECT_DIR)";
				PRODUCT_BUNDLE_IDENTIFIER = com.startapp.iosSwiftExampleApp;
				PRODUCT_NAME = iosSwiftExampleApp;
				SWIFT_OBJC_BRIDGING_HEADER = "iosSwiftExampleApp/iosSwiftExampleApp-Bridging-Header.h";
				SWIFT_OPTIMIZATION_LEVEL = "-Onone";
				SWIFT_VERSION = 3.0;
			};
			name = Debug;
		};
		506C110519407F840015E07A /* Release */ = {
			isa = XCBuildConfiguration;
			buildSettings = {
				ASSETCATALOG_COMPILER_APPICON_NAME = AppIcon;
				ASSETCATALOG_COMPILER_LAUNCHIMAGE_NAME = LaunchImage;
				CLANG_ENABLE_MODULES = YES;
				FRAMEWORK_SEARCH_PATHS = (
					"$(inherited)",
					"$(PROJECT_DIR)",
				);
				INFOPLIST_FILE = iosSwiftExampleApp/Info.plist;
				IPHONEOS_DEPLOYMENT_TARGET = 7.0;
				LD_RUNPATH_SEARCH_PATHS = "$(inherited) @executable_path/Frameworks";
				LIBRARY_SEARCH_PATHS = "$(PROJECT_DIR)";
				PRODUCT_BUNDLE_IDENTIFIER = com.startapp.iosSwiftExampleApp;
				PRODUCT_NAME = iosSwiftExampleApp;
				SWIFT_OBJC_BRIDGING_HEADER = "iosSwiftExampleApp/iosSwiftExampleApp-Bridging-Header.h";
				SWIFT_VERSION = 3.0;
			};
			name = Release;
		};
/* End XCBuildConfiguration section */

/* Begin XCConfigurationList section */
		506C10E219407F840015E07A /* Build configuration list for PBXProject "iosSwiftExampleApp" */ = {
			isa = XCConfigurationList;
			buildConfigurations = (
				506C110119407F840015E07A /* Debug */,
				506C110219407F840015E07A /* Release */,
			);
			defaultConfigurationIsVisible = 0;
			defaultConfigurationName = Release;
		};
		506C110319407F840015E07A /* Build configuration list for PBXNativeTarget "iosSwiftExampleApp" */ = {
			isa = XCConfigurationList;
			buildConfigurations = (
				506C110419407F840015E07A /* Debug */,
				506C110519407F840015E07A /* Release */,
			);
			defaultConfigurationIsVisible = 0;
			defaultConfigurationName = Release;
		};
/* End XCConfigurationList section */
	};
	rootObject = 506C10DF19407F840015E07A /* Project object */;
}
