// !$*UTF8*$!
{
	archiveVersion = 1;
	classes = {
	};
	objectVersion = 46;
	objects = {

/* Begin PBXBuildFile section */
		3E61670120889AB800108776 /* Main.storyboard in Resources */ = {isa = PBXBuildFile; fileRef = 3E61670020889AB800108776 /* Main.storyboard */; };
		49329C54218B493100069B07 /* LaunchScreen.storyboard in Resources */ = {isa = PBXBuildFile; fileRef = 49329C53218B493100069B07 /* LaunchScreen.storyboard */; };
		49329C5E218E1F8500069B07 /* gotham_book.ttf in Resources */ = {isa = PBXBuildFile; fileRef = 49329C5D218E1F8500069B07 /* gotham_book.ttf */; };
		49329C60218E20E800069B07 /* gotham_medium.ttf in Resources */ = {isa = PBXBuildFile; fileRef = 49329C5F218E20E800069B07 /* gotham_medium.ttf */; };
		506C10ED19407F840015E07A /* AppDelegate.swift in Sources */ = {isa = PBXBuildFile; fileRef = 506C10EC19407F840015E07A /* AppDelegate.swift */; };
		506C10EF19407F840015E07A /* ViewController.swift in Sources */ = {isa = PBXBuildFile; fileRef = 506C10EE19407F840015E07A /* ViewController.swift */; };
		506C10F419407F840015E07A /* Images.xcassets in Resources */ = {isa = PBXBuildFile; fileRef = 506C10F319407F840015E07A /* Images.xcassets */; };
		509C68071A52A7B3003ED178 /* NativeViewController.swift in Sources */ = {isa = PBXBuildFile; fileRef = 509C68061A52A7B3003ED178 /* NativeViewController.swift */; };
/* End PBXBuildFile section */

/* Begin PBXFileReference section */
		3E61670020889AB800108776 /* Main.storyboard */ = {isa = PBXFileReference; fileEncoding = 4; lastKnownFileType = file.storyboard; path = Main.storyboard; sourceTree = "<group>"; };
		49329C53218B493100069B07 /* LaunchScreen.storyboard */ = {isa = PBXFileReference; lastKnownFileType = file.storyboard; path = LaunchScreen.storyboard; sourceTree = "<group>"; };
		49329C5D218E1F8500069B07 /* gotham_book.ttf */ = {isa = PBXFileReference; lastKnownFileType = file; path = gotham_book.ttf; sourceTree = "<group>"; };
		49329C5F218E20E800069B07 /* gotham_medium.ttf */ = {isa = PBXFileReference; lastKnownFileType = file; path = gotham_medium.ttf; sourceTree = "<group>"; };
		49329C7F2190A52A00069B07 /* iosSwiftExampleApp.entitlements */ = {isa = PBXFileReference; lastKnownFileType = text.plist.entitlements; path = iosSwiftExampleApp.entitlements; sourceTree = "<group>"; };
		505DF16619449D0F00FE7E73 /* iosSwiftExampleApp-Bridging-Header.h */ = {isa = PBXFileReference; fileEncoding = 4; lastKnownFileType = sourcecode.c.h; path = "iosSwiftExampleApp-Bridging-Header.h"; sourceTree = "<group>"; };
		506C10E719407F840015E07A /* iosSwiftExampleApp.app */ = {isa = PBXFileReference; explicitFileType = wrapper.application; includeInIndex = 0; path = iosSwiftExampleApp.app; sourceTree = BUILT_PRODUCTS_DIR; };
		506C10EB19407F840015E07A /* Info.plist */ = {isa = PBXFileReference; lastKnownFileType = text.plist.xml; path = Info.plist; sourceTree = "<group>"; };
		506C10EC19407F840015E07A /* AppDelegate.swift */ = {isa = PBXFileReference; lastKnownFileType = sourcecode.swift; path = AppDelegate.swift; sourceTree = "<group>"; };
		506C10EE19407F840015E07A /* ViewController.swift */ = {isa = PBXFileReference; lastKnownFileType = sourcecode.swift; path = ViewController.swift; sourceTree = "<group>"; };
		506C10F319407F840015E07A /* Images.xcassets */ = {isa = PBXFileReference; lastKnownFileType = folder.assetcatalog; path = Images.xcassets; sourceTree = "<group>"; };
		509C68061A52A7B3003ED178 /* NativeViewController.swift */ = {isa = PBXFileReference; fileEncoding = 4; lastKnownFileType = sourcecode.swift; path = NativeViewController.swift; sourceTree = "<group>"; };
/* End PBXFileReference section */

/* Begin PBXFrameworksBuildPhase section */
		506C10E419407F840015E07A /* Frameworks */ = {
			isa = PBXFrameworksBuildPhase;
			buildActionMask = 2147483647;
			files = (
			);
			runOnlyForDeploymentPostprocessing = 0;
		};
/* End PBXFrameworksBuildPhase section */

/* Begin PBXGroup section */
		3ED57B79D36BE580B922F7CF /* Pods */ = {
			isa = PBXGroup;
			children = (
			);
			path = Pods;
			sourceTree = "<group>";
		};
		49329C5C218E1F8500069B07 /* fonts */ = {
			isa = PBXGroup;
			children = (
				49329C5F218E20E800069B07 /* gotham_medium.ttf */,
				49329C5D218E1F8500069B07 /* gotham_book.ttf */,
			);
			path = fonts;
			sourceTree = "<group>";
		};
		506C10DE19407F840015E07A = {
			isa = PBXGroup;
			children = (
				506C10E919407F840015E07A /* iosSwiftExampleApp */,
				506C10E819407F840015E07A /* Products */,
				3ED57B79D36BE580B922F7CF /* Pods */,
			);
			sourceTree = "<group>";
		};
		506C10E819407F840015E07A /* Products */ = {
			isa = PBXGroup;
			children = (
				506C10E719407F840015E07A /* iosSwiftExampleApp.app */,
			);
			name = Products;
			sourceTree = "<group>";
		};
		506C10E919407F840015E07A /* iosSwiftExampleApp */ = {
			isa = PBXGroup;
			children = (
				49329C7F2190A52A00069B07 /* iosSwiftExampleApp.entitlements */,
				49329C5C218E1F8500069B07 /* fonts */,
				505DF16619449D0F00FE7E73 /* iosSwiftExampleApp-Bridging-Header.h */,
				506C10EC19407F840015E07A /* AppDelegate.swift */,
				509C68061A52A7B3003ED178 /* NativeViewController.swift */,
				506C10EE19407F840015E07A /* ViewController.swift */,
				506C10F319407F840015E07A /* Images.xcassets */,
				3E61670020889AB800108776 /* Main.storyboard */,
				49329C53218B493100069B07 /* LaunchScreen.storyboard */,
				506C10EA19407F840015E07A /* Supporting Files */,
			);
			path = iosSwiftExampleApp;
			sourceTree = "<group>";
		};
		506C10EA19407F840015E07A /* Supporting Files */ = {
			isa = PBXGroup;
			children = (
				506C10EB19407F840015E07A /* Info.plist */,
			);
			name = "Supporting Files";
			sourceTree = "<group>";
		};
/* End PBXGroup section */

/* Begin PBXNativeTarget section */
		506C10E619407F840015E07A /* iosSwiftExampleApp */ = {
			isa = PBXNativeTarget;
			buildConfigurationList = 506C110319407F840015E07A /* Build configuration list for PBXNativeTarget "iosSwiftExampleApp" */;
			buildPhases = (
				506C10E319407F840015E07A /* Sources */,
				506C10E419407F840015E07A /* Frameworks */,
				506C10E519407F840015E07A /* Resources */,
			);
			buildRules = (
			);
			dependencies = (
			);
			name = iosSwiftExampleApp;
			productName = MyApp;
			productReference = 506C10E719407F840015E07A /* iosSwiftExampleApp.app */;
			productType = "com.apple.product-type.application";
		};
/* End PBXNativeTarget section */

/* Begin PBXProject section */
		506C10DF19407F840015E07A /* Project object */ = {
			isa = PBXProject;
			attributes = {
				LastSwiftMigration = 0730;
				LastSwiftUpdateCheck = 0730;
				LastUpgradeCheck = 1020;
				ORGANIZATIONNAME = StartApp;
				TargetAttributes = {
					506C10E619407F840015E07A = {
						CreatedOnToolsVersion = 6.0;
						DevelopmentTeam = 33VM6V4F88;
						LastSwiftMigration = 1020;
						SystemCapabilities = {
							com.apple.AccessWiFi = {
								enabled = 1;
							};
							com.apple.InAppPurchase = {
								enabled = 0;
							};
						};
					};
				};
			};
			buildConfigurationList = 506C10E219407F840015E07A /* Build configuration list for PBXProject "iosSwiftExampleApp" */;
			compatibilityVersion = "Xcode 3.2";
			developmentRegion = en;
			hasScannedForEncodings = 0;
			knownRegions = (
				en,
				Base,
			);
			mainGroup = 506C10DE19407F840015E07A;
			productRefGroup = 506C10E819407F840015E07A /* Products */;
			projectDirPath = "";
			projectRoot = "";
			targets = (
				506C10E619407F840015E07A /* iosSwiftExampleApp */,
			);
		};
/* End PBXProject section */

/* Begin PBXResourcesBuildPhase section */
		506C10E519407F840015E07A /* Resources */ = {
			isa = PBXResourcesBuildPhase;
			buildActionMask = 2147483647;
			files = (
				49329C54218B493100069B07 /* LaunchScreen.storyboard in Resources */,
				49329C5E218E1F8500069B07 /* gotham_book.ttf in Resources */,
				3E61670120889AB800108776 /* Main.storyboard in Resources */,
				49329C60218E20E800069B07 /* gotham_medium.ttf in Resources */,
				506C10F419407F840015E07A /* Images.xcassets in Resources */,
			);
			runOnlyForDeploymentPostprocessing = 0;
		};
/* End PBXResourcesBuildPhase section */

/* Begin PBXSourcesBuildPhase section */
		506C10E319407F840015E07A /* Sources */ = {
			isa = PBXSourcesBuildPhase;
			buildActionMask = 2147483647;
			files = (
				509C68071A52A7B3003ED178 /* NativeViewController.swift in Sources */,
				506C10EF19407F840015E07A /* ViewController.swift in Sources */,
				506C10ED19407F840015E07A /* AppDelegate.swift in Sources */,
			);
			runOnlyForDeploymentPostprocessing = 0;
		};
/* End PBXSourcesBuildPhase section */

/* Begin XCBuildConfiguration section */
		506C110119407F840015E07A /* Debug */ = {
			isa = XCBuildConfiguration;
			buildSettings = {
				ALWAYS_SEARCH_USER_PATHS = NO;
				CLANG_ANALYZER_LOCALIZABILITY_NONLOCALIZED = YES;
				CLANG_CXX_LANGUAGE_STANDARD = "gnu++0x";
				CLANG_CXX_LIBRARY = "libc++";
				CLANG_ENABLE_MODULES = YES;
				CLANG_ENABLE_OBJC_ARC = YES;
				CLANG_WARN_BLOCK_CAPTURE_AUTORELEASING = YES;
				CLANG_WARN_BOOL_CONVERSION = YES;
				CLANG_WARN_COMMA = YES;
				CLANG_WARN_CONSTANT_CONVERSION = YES;
				CLANG_WARN_DEPRECATED_OBJC_IMPLEMENTATIONS = YES;
				CLANG_WARN_DIRECT_OBJC_ISA_USAGE = YES_ERROR;
				CLANG_WARN_EMPTY_BODY = YES;
				CLANG_WARN_ENUM_CONVERSION = YES;
				CLANG_WARN_INFINITE_RECURSION = YES;
				CLANG_WARN_INT_CONVERSION = YES;
				CLANG_WARN_NON_LITERAL_NULL_CONVERSION = YES;
				CLANG_WARN_OBJC_IMPLICIT_RETAIN_SELF = YES;
				CLANG_WARN_OBJC_LITERAL_CONVERSION = YES;
				CLANG_WARN_OBJC_ROOT_CLASS = YES_ERROR;
				CLANG_WARN_RANGE_LOOP_ANALYSIS = YES;
				CLANG_WARN_STRICT_PROTOTYPES = YES;
				CLANG_WARN_SUSPICIOUS_MOVE = YES;
				CLANG_WARN_UNREACHABLE_CODE = YES;
				CLANG_WARN__DUPLICATE_METHOD_MATCH = YES;
				"CODE_SIGN_IDENTITY[sdk=iphoneos*]" = "iPhone Developer";
				COPY_PHASE_STRIP = NO;
				ENABLE_STRICT_OBJC_MSGSEND = YES;
				ENABLE_TESTABILITY = YES;
				GCC_C_LANGUAGE_STANDARD = gnu99;
				GCC_DYNAMIC_NO_PIC = NO;
				GCC_NO_COMMON_BLOCKS = YES;
				GCC_OPTIMIZATION_LEVEL = 0;
				GCC_PREPROCESSOR_DEFINITIONS = (
					"DEBUG=1",
					"$(inherited)",
				);
				GCC_SYMBOLS_PRIVATE_EXTERN = NO;
				GCC_WARN_64_TO_32_BIT_CONVERSION = YES;
				GCC_WARN_ABOUT_RETURN_TYPE = YES_ERROR;
				GCC_WARN_UNDECLARED_SELECTOR = YES;
				GCC_WARN_UNINITIALIZED_AUTOS = YES_AGGRESSIVE;
				GCC_WARN_UNUSED_FUNCTION = YES;
				GCC_WARN_UNUSED_VARIABLE = YES;
				IPHONEOS_DEPLOYMENT_TARGET = 12.0;
				METAL_ENABLE_DEBUG_INFO = YES;
				ONLY_ACTIVE_ARCH = YES;
				SDKROOT = iphoneos;
				SWIFT_OPTIMIZATION_LEVEL = "-Onone";
				TARGETED_DEVICE_FAMILY = "1,2";
			};
			name = Debug;
		};
		506C110219407F840015E07A /* Release */ = {
			isa = XCBuildConfiguration;
			buildSettings = {
				ALWAYS_SEARCH_USER_PATHS = NO;
				CLANG_ANALYZER_LOCALIZABILITY_NONLOCALIZED = YES;
				CLANG_CXX_LANGUAGE_STANDARD = "gnu++0x";
				CLANG_CXX_LIBRARY = "libc++";
				CLANG_ENABLE_MODULES = YES;
				CLANG_ENABLE_OBJC_ARC = YES;
				CLANG_WARN_BLOCK_CAPTURE_AUTORELEASING = YES;
				CLANG_WARN_BOOL_CONVERSION = YES;
				CLANG_WARN_COMMA = YES;
				CLANG_WARN_CONSTANT_CONVERSION = YES;
				CLANG_WARN_DEPRECATED_OBJC_IMPLEMENTATIONS = YES;
				CLANG_WARN_DIRECT_OBJC_ISA_USAGE = YES_ERROR;
				CLANG_WARN_EMPTY_BODY = YES;
				CLANG_WARN_ENUM_CONVERSION = YES;
				CLANG_WARN_INFINITE_RECURSION = YES;
				CLANG_WARN_INT_CONVERSION = YES;
				CLANG_WARN_NON_LITERAL_NULL_CONVERSION = YES;
				CLANG_WARN_OBJC_IMPLICIT_RETAIN_SELF = YES;
				CLANG_WARN_OBJC_LITERAL_CONVERSION = YES;
				CLANG_WARN_OBJC_ROOT_CLASS = YES_ERROR;
				CLANG_WARN_RANGE_LOOP_ANALYSIS = YES;
				CLANG_WARN_STRICT_PROTOTYPES = YES;
				CLANG_WARN_SUSPICIOUS_MOVE = YES;
				CLANG_WARN_UNREACHABLE_CODE = YES;
				CLANG_WARN__DUPLICATE_METHOD_MATCH = YES;
				"CODE_SIGN_IDENTITY[sdk=iphoneos*]" = "iPhone Developer";
				COPY_PHASE_STRIP = YES;
				ENABLE_NS_ASSERTIONS = NO;
				ENABLE_STRICT_OBJC_MSGSEND = YES;
				GCC_C_LANGUAGE_STANDARD = gnu99;
				GCC_NO_COMMON_BLOCKS = YES;
				GCC_WARN_64_TO_32_BIT_CONVERSION = YES;
				GCC_WARN_ABOUT_RETURN_TYPE = YES_ERROR;
				GCC_WARN_UNDECLARED_SELECTOR = YES;
				GCC_WARN_UNINITIALIZED_AUTOS = YES_AGGRESSIVE;
				GCC_WARN_UNUSED_FUNCTION = YES;
				GCC_WARN_UNUSED_VARIABLE = YES;
				IPHONEOS_DEPLOYMENT_TARGET = 12.0;
				METAL_ENABLE_DEBUG_INFO = NO;
				SDKROOT = iphoneos;
				SWIFT_COMPILATION_MODE = wholemodule;
				TARGETED_DEVICE_FAMILY = "1,2";
				VALIDATE_PRODUCT = YES;
			};
			name = Release;
		};
		506C110419407F840015E07A /* Debug */ = {
			isa = XCBuildConfiguration;
			buildSettings = {
				ASSETCATALOG_COMPILER_APPICON_NAME = AppIcon;
				CLANG_ENABLE_MODULES = YES;
				CODE_SIGN_ENTITLEMENTS = iosSwiftExampleApp/iosSwiftExampleApp.entitlements;
				DEVELOPMENT_TEAM = 33VM6V4F88;
				FRAMEWORK_SEARCH_PATHS = (
					"$(inherited)",
					"$(PROJECT_DIR)",
				);
				INFOPLIST_FILE = iosSwiftExampleApp/Info.plist;
				IPHONEOS_DEPLOYMENT_TARGET = 12.0;
				LD_RUNPATH_SEARCH_PATHS = "$(inherited) @executable_path/Frameworks";
				LIBRARY_SEARCH_PATHS = "$(PROJECT_DIR)";
				PRODUCT_BUNDLE_IDENTIFIER = com.startapp.iosSwiftExampleApp;
				PRODUCT_NAME = iosSwiftExampleApp;
				SWIFT_OBJC_BRIDGING_HEADER = "iosSwiftExampleApp/iosSwiftExampleApp-Bridging-Header.h";
				SWIFT_OPTIMIZATION_LEVEL = "-Onone";
				SWIFT_VERSION = 5.0;
			};
			name = Debug;
		};
		506C110519407F840015E07A /* Release */ = {
			isa = XCBuildConfiguration;
			buildSettings = {
				ASSETCATALOG_COMPILER_APPICON_NAME = AppIcon;
				CLANG_ENABLE_MODULES = YES;
				CODE_SIGN_ENTITLEMENTS = iosSwiftExampleApp/iosSwiftExampleApp.entitlements;
				DEVELOPMENT_TEAM = 33VM6V4F88;
				FRAMEWORK_SEARCH_PATHS = (
					"$(inherited)",
					"$(PROJECT_DIR)",
				);
				INFOPLIST_FILE = iosSwiftExampleApp/Info.plist;
				IPHONEOS_DEPLOYMENT_TARGET = 12.0;
				LD_RUNPATH_SEARCH_PATHS = "$(inherited) @executable_path/Frameworks";
				LIBRARY_SEARCH_PATHS = "$(PROJECT_DIR)";
				PRODUCT_BUNDLE_IDENTIFIER = com.startapp.iosSwiftExampleApp;
				PRODUCT_NAME = iosSwiftExampleApp;
				SWIFT_OBJC_BRIDGING_HEADER = "iosSwiftExampleApp/iosSwiftExampleApp-Bridging-Header.h";
				SWIFT_VERSION = 5.0;
			};
			name = Release;
		};
/* End XCBuildConfiguration section */

/* Begin XCConfigurationList section */
		506C10E219407F840015E07A /* Build configuration list for PBXProject "iosSwiftExampleApp" */ = {
			isa = XCConfigurationList;
			buildConfigurations = (
				506C110119407F840015E07A /* Debug */,
				506C110219407F840015E07A /* Release */,
			);
			defaultConfigurationIsVisible = 0;
			defaultConfigurationName = Release;
		};
		506C110319407F840015E07A /* Build configuration list for PBXNativeTarget "iosSwiftExampleApp" */ = {
			isa = XCConfigurationList;
			buildConfigurations = (
				506C110419407F840015E07A /* Debug */,
				506C110519407F840015E07A /* Release */,
			);
			defaultConfigurationIsVisible = 0;
			defaultConfigurationName = Release;
		};
/* End XCConfigurationList section */
	};
	rootObject = 506C10DF19407F840015E07A /* Project object */;
}
